
Microsoft Visual Studio Solution File, Format Version 12.00
# Visual Studio Version 17
VisualStudioVersion = 17.14.36127.28 d17.14
MinimumVisualStudioVersion = 10.0.40219.1
Project("{FAE04EC0-301F-11D3-BF4B-00C04F79EFBC}") = "Parte1_2", "Parte1_2.csproj", "{153B6BCF-5075-4048-8350-DA184BBC2E63}"
EndProject
Global
	GlobalSection(SolutionConfigurationPlatforms) = preSolution
		Debug|Any CPU = Debug|Any CPU
		Release|Any CPU = Release|Any CPU
	EndGlobalSection
	GlobalSection(ProjectConfigurationPlatforms) = postSolution
		{153B6BCF-5075-4048-8350-DA184BBC2E63}.Debug|Any CPU.ActiveCfg = Debug|Any CPU
		{153B6BCF-5075-4048-8350-DA184BBC2E63}.Debug|Any CPU.Build.0 = Debug|Any CPU
		{153B6BCF-5075-4048-8350-DA184BBC2E63}.Release|Any CPU.ActiveCfg = Release|Any CPU
		{153B6BCF-5075-4048-8350-DA184BBC2E63}.Release|Any CPU.Build.0 = Release|Any CPU
	EndGlobalSection
	GlobalSection(SolutionProperties) = preSolution
		HideSolutionNode = FALSE
	EndGlobalSection
	GlobalSection(ExtensibilityGlobals) = postSolution
		SolutionGuid = {7F1D4669-BC0C-4978-A322-1F02DB6C90B5}
	EndGlobalSection
EndGlobal
